
Microsoft Visual Studio Solution File, Format Version 12.00
# Visual Studio Version 17
VisualStudioVersion = 17.2.32526.322
MinimumVisualStudioVersion = 10.0.40219.1
Project("{FAE04EC0-301F-11D3-BF4B-00C04F79EFBC}") = "paycoreodev1", "paycoreodev1\paycoreodev1.csproj", "{D9CF438A-7FFF-4D3D-AE77-566E9A5B6136}"
EndProject
Global
	GlobalSection(SolutionConfigurationPlatforms) = preSolution
		Debug|Any CPU = Debug|Any CPU
		Release|Any CPU = Release|Any CPU
	EndGlobalSection
	GlobalSection(ProjectConfigurationPlatforms) = postSolution
		{D9CF438A-7FFF-4D3D-AE77-566E9A5B6136}.Debug|Any CPU.ActiveCfg = Debug|Any CPU
		{D9CF438A-7FFF-4D3D-AE77-566E9A5B6136}.Debug|Any CPU.Build.0 = Debug|Any CPU
		{D9CF438A-7FFF-4D3D-AE77-566E9A5B6136}.Release|Any CPU.ActiveCfg = Release|Any CPU
		{D9CF438A-7FFF-4D3D-AE77-566E9A5B6136}.Release|Any CPU.Build.0 = Release|Any CPU
	EndGlobalSection
	GlobalSection(SolutionProperties) = preSolution
		HideSolutionNode = FALSE
	EndGlobalSection
	GlobalSection(ExtensibilityGlobals) = postSolution
		SolutionGuid = {C383EB99-A5BE-451E-83FF-E6F2565DC7B2}
	EndGlobalSection
EndGlobal
